
Microsoft Visual Studio Solution File, Format Version 12.00
# Visual Studio Version 16
VisualStudioVersion = 16.0.32510.428
MinimumVisualStudioVersion = 10.0.40219.1
Project("{FAE04EC0-301F-11D3-BF4B-00C04F79EFBC}") = "ProAppModule1", "ProAppModule1\ProAppModule1.csproj", "{1BB11905-296F-4DD8-9548-58989A5FF7D1}"
EndProject
Global
	GlobalSection(SolutionConfigurationPlatforms) = preSolution
		Debug|x64 = Debug|x64
		Release|x64 = Release|x64
	EndGlobalSection
	GlobalSection(ProjectConfigurationPlatforms) = postSolution
		{1BB11905-296F-4DD8-9548-58989A5FF7D1}.Debug|x64.ActiveCfg = Debug|x64
		{1BB11905-296F-4DD8-9548-58989A5FF7D1}.Debug|x64.Build.0 = Debug|x64
		{1BB11905-296F-4DD8-9548-58989A5FF7D1}.Release|x64.ActiveCfg = Release|x64
		{1BB11905-296F-4DD8-9548-58989A5FF7D1}.Release|x64.Build.0 = Release|x64
	EndGlobalSection
	GlobalSection(SolutionProperties) = preSolution
		HideSolutionNode = FALSE
	EndGlobalSection
	GlobalSection(ExtensibilityGlobals) = postSolution
		SolutionGuid = {0DD3FEE5-3A4D-445F-9758-597FF12825AF}
	EndGlobalSection
EndGlobal
